// !$*UTF8*$!
{
	archiveVersion = 1;
	classes = {
	};
	objectVersion = 50;
	objects = {

/* Begin PBXBuildFile section */
		0C8D6CB9253184C50013F831 /* AppDelegate.swift in Sources */ = {isa = PBXBuildFile; fileRef = 0C8D6CB8253184C50013F831 /* AppDelegate.swift */; };
		0C8D6CBB253184C50013F831 /* SceneDelegate.swift in Sources */ = {isa = PBXBuildFile; fileRef = 0C8D6CBA253184C50013F831 /* SceneDelegate.swift */; };
		0C8D6CBD253184C50013F831 /* ViewController.swift in Sources */ = {isa = PBXBuildFile; fileRef = 0C8D6CBC253184C50013F831 /* ViewController.swift */; };
		0C8D6CC0253184C50013F831 /* Main.storyboard in Resources */ = {isa = PBXBuildFile; fileRef = 0C8D6CBE253184C50013F831 /* Main.storyboard */; };
		0C8D6CC2253184C80013F831 /* Assets.xcassets in Resources */ = {isa = PBXBuildFile; fileRef = 0C8D6CC1253184C80013F831 /* Assets.xcassets */; };
		0C8D6CC5253184C80013F831 /* LaunchScreen.storyboard in Resources */ = {isa = PBXBuildFile; fileRef = 0C8D6CC3253184C80013F831 /* LaunchScreen.storyboard */; };
		0C8D6CD0253184C80013F831 /* TimerAppTests.swift in Sources */ = {isa = PBXBuildFile; fileRef = 0C8D6CCF253184C80013F831 /* TimerAppTests.swift */; };
		0C8D6CDB253184C80013F831 /* TimerAppUITests.swift in Sources */ = {isa = PBXBuildFile; fileRef = 0C8D6CDA253184C80013F831 /* TimerAppUITests.swift */; };
/* End PBXBuildFile section */

/* Begin PBXContainerItemProxy section */
		0C8D6CCC253184C80013F831 /* PBXContainerItemProxy */ = {
			isa = PBXContainerItemProxy;
			containerPortal = 0C8D6CAD253184C50013F831 /* Project object */;
			proxyType = 1;
			remoteGlobalIDString = 0C8D6CB4253184C50013F831;
			remoteInfo = TimerApp;
		};
		0C8D6CD7253184C80013F831 /* PBXContainerItemProxy */ = {
			isa = PBXContainerItemProxy;
			containerPortal = 0C8D6CAD253184C50013F831 /* Project object */;
			proxyType = 1;
			remoteGlobalIDString = 0C8D6CB4253184C50013F831;
			remoteInfo = TimerApp;
		};
/* End PBXContainerItemProxy section */

/* Begin PBXFileReference section */
		0C8D6CB5253184C50013F831 /* TimerApp.app */ = {isa = PBXFileReference; explicitFileType = wrapper.application; includeInIndex = 0; path = TimerApp.app; sourceTree = BUILT_PRODUCTS_DIR; };
		0C8D6CB8253184C50013F831 /* AppDelegate.swift */ = {isa = PBXFileReference; lastKnownFileType = sourcecode.swift; path = AppDelegate.swift; sourceTree = "<group>"; };
		0C8D6CBA253184C50013F831 /* SceneDelegate.swift */ = {isa = PBXFileReference; lastKnownFileType = sourcecode.swift; path = SceneDelegate.swift; sourceTree = "<group>"; };
		0C8D6CBC253184C50013F831 /* ViewController.swift */ = {isa = PBXFileReference; lastKnownFileType = sourcecode.swift; path = ViewController.swift; sourceTree = "<group>"; };
		0C8D6CBF253184C50013F831 /* Base */ = {isa = PBXFileReference; lastKnownFileType = file.storyboard; name = Base; path = Base.lproj/Main.storyboard; sourceTree = "<group>"; };
		0C8D6CC1253184C80013F831 /* Assets.xcassets */ = {isa = PBXFileReference; lastKnownFileType = folder.assetcatalog; path = Assets.xcassets; sourceTree = "<group>"; };
		0C8D6CC4253184C80013F831 /* Base */ = {isa = PBXFileReference; lastKnownFileType = file.storyboard; name = Base; path = Base.lproj/LaunchScreen.storyboard; sourceTree = "<group>"; };
		0C8D6CC6253184C80013F831 /* Info.plist */ = {isa = PBXFileReference; lastKnownFileType = text.plist.xml; path = Info.plist; sourceTree = "<group>"; };
		0C8D6CCB253184C80013F831 /* TimerAppTests.xctest */ = {isa = PBXFileReference; explicitFileType = wrapper.cfbundle; includeInIndex = 0; path = TimerAppTests.xctest; sourceTree = BUILT_PRODUCTS_DIR; };
		0C8D6CCF253184C80013F831 /* TimerAppTests.swift */ = {isa = PBXFileReference; lastKnownFileType = sourcecode.swift; path = TimerAppTests.swift; sourceTree = "<group>"; };
		0C8D6CD1253184C80013F831 /* Info.plist */ = {isa = PBXFileReference; lastKnownFileType = text.plist.xml; path = Info.plist; sourceTree = "<group>"; };
		0C8D6CD6253184C80013F831 /* TimerAppUITests.xctest */ = {isa = PBXFileReference; explicitFileType = wrapper.cfbundle; includeInIndex = 0; path = TimerAppUITests.xctest; sourceTree = BUILT_PRODUCTS_DIR; };
		0C8D6CDA253184C80013F831 /* TimerAppUITests.swift */ = {isa = PBXFileReference; lastKnownFileType = sourcecode.swift; path = TimerAppUITests.swift; sourceTree = "<group>"; };
		0C8D6CDC253184C80013F831 /* Info.plist */ = {isa = PBXFileReference; lastKnownFileType = text.plist.xml; path = Info.plist; sourceTree = "<group>"; };
/* End PBXFileReference section */

/* Begin PBXFrameworksBuildPhase section */
		0C8D6CB2253184C50013F831 /* Frameworks */ = {
			isa = PBXFrameworksBuildPhase;
			buildActionMask = 2147483647;
			files = (
			);
			runOnlyForDeploymentPostprocessing = 0;
		};
		0C8D6CC8253184C80013F831 /* Frameworks */ = {
			isa = PBXFrameworksBuildPhase;
			buildActionMask = 2147483647;
			files = (
			);
			runOnlyForDeploymentPostprocessing = 0;
		};
		0C8D6CD3253184C80013F831 /* Frameworks */ = {
			isa = PBXFrameworksBuildPhase;
			buildActionMask = 2147483647;
			files = (
			);
			runOnlyForDeploymentPostprocessing = 0;
		};
/* End PBXFrameworksBuildPhase section */

/* Begin PBXGroup section */
		0C8D6CAC253184C50013F831 = {
			isa = PBXGroup;
			children = (
				0C8D6CB7253184C50013F831 /* TimerApp */,
				0C8D6CCE253184C80013F831 /* TimerAppTests */,
				0C8D6CD9253184C80013F831 /* TimerAppUITests */,
				0C8D6CB6253184C50013F831 /* Products */,
			);
			sourceTree = "<group>";
		};
		0C8D6CB6253184C50013F831 /* Products */ = {
			isa = PBXGroup;
			children = (
				0C8D6CB5253184C50013F831 /* TimerApp.app */,
				0C8D6CCB253184C80013F831 /* TimerAppTests.xctest */,
				0C8D6CD6253184C80013F831 /* TimerAppUITests.xctest */,
			);
			name = Products;
			sourceTree = "<group>";
		};
		0C8D6CB7253184C50013F831 /* TimerApp */ = {
			isa = PBXGroup;
			children = (
				0C8D6CB8253184C50013F831 /* AppDelegate.swift */,
				0C8D6CBA253184C50013F831 /* SceneDelegate.swift */,
				0C8D6CBC253184C50013F831 /* ViewController.swift */,
				0C8D6CBE253184C50013F831 /* Main.storyboard */,
				0C8D6CC1253184C80013F831 /* Assets.xcassets */,
				0C8D6CC3253184C80013F831 /* LaunchScreen.storyboard */,
				0C8D6CC6253184C80013F831 /* Info.plist */,
			);
			path = TimerApp;
			sourceTree = "<group>";
		};
		0C8D6CCE253184C80013F831 /* TimerAppTests */ = {
			isa = PBXGroup;
			children = (
				0C8D6CCF253184C80013F831 /* TimerAppTests.swift */,
				0C8D6CD1253184C80013F831 /* Info.plist */,
			);
			path = TimerAppTests;
			sourceTree = "<group>";
		};
		0C8D6CD9253184C80013F831 /* TimerAppUITests */ = {
			isa = PBXGroup;
			children = (
				0C8D6CDA253184C80013F831 /* TimerAppUITests.swift */,
				0C8D6CDC253184C80013F831 /* Info.plist */,
			);
			path = TimerAppUITests;
			sourceTree = "<group>";
		};
/* End PBXGroup section */

/* Begin PBXNativeTarget section */
		0C8D6CB4253184C50013F831 /* TimerApp */ = {
			isa = PBXNativeTarget;
			buildConfigurationList = 0C8D6CDF253184C80013F831 /* Build configuration list for PBXNativeTarget "TimerApp" */;
			buildPhases = (
				0C8D6CB1253184C50013F831 /* Sources */,
				0C8D6CB2253184C50013F831 /* Frameworks */,
				0C8D6CB3253184C50013F831 /* Resources */,
			);
			buildRules = (
			);
			dependencies = (
			);
			name = TimerApp;
			productName = TimerApp;
			productReference = 0C8D6CB5253184C50013F831 /* TimerApp.app */;
			productType = "com.apple.product-type.application";
		};
		0C8D6CCA253184C80013F831 /* TimerAppTests */ = {
			isa = PBXNativeTarget;
			buildConfigurationList = 0C8D6CE2253184C80013F831 /* Build configuration list for PBXNativeTarget "TimerAppTests" */;
			buildPhases = (
				0C8D6CC7253184C80013F831 /* Sources */,
				0C8D6CC8253184C80013F831 /* Frameworks */,
				0C8D6CC9253184C80013F831 /* Resources */,
			);
			buildRules = (
			);
			dependencies = (
				0C8D6CCD253184C80013F831 /* PBXTargetDependency */,
			);
			name = TimerAppTests;
			productName = TimerAppTests;
			productReference = 0C8D6CCB253184C80013F831 /* TimerAppTests.xctest */;
			productType = "com.apple.product-type.bundle.unit-test";
		};
		0C8D6CD5253184C80013F831 /* TimerAppUITests */ = {
			isa = PBXNativeTarget;
			buildConfigurationList = 0C8D6CE5253184C80013F831 /* Build configuration list for PBXNativeTarget "TimerAppUITests" */;
			buildPhases = (
				0C8D6CD2253184C80013F831 /* Sources */,
				0C8D6CD3253184C80013F831 /* Frameworks */,
				0C8D6CD4253184C80013F831 /* Resources */,
			);
			buildRules = (
			);
			dependencies = (
				0C8D6CD8253184C80013F831 /* PBXTargetDependency */,
			);
			name = TimerAppUITests;
			productName = TimerAppUITests;
			productReference = 0C8D6CD6253184C80013F831 /* TimerAppUITests.xctest */;
			productType = "com.apple.product-type.bundle.ui-testing";
		};
/* End PBXNativeTarget section */

/* Begin PBXProject section */
		0C8D6CAD253184C50013F831 /* Project object */ = {
			isa = PBXProject;
			attributes = {
				LastSwiftUpdateCheck = 1200;
				LastUpgradeCheck = 1200;
				TargetAttributes = {
					0C8D6CB4253184C50013F831 = {
						CreatedOnToolsVersion = 12.0.1;
					};
					0C8D6CCA253184C80013F831 = {
						CreatedOnToolsVersion = 12.0.1;
						TestTargetID = 0C8D6CB4253184C50013F831;
					};
					0C8D6CD5253184C80013F831 = {
						CreatedOnToolsVersion = 12.0.1;
						TestTargetID = 0C8D6CB4253184C50013F831;
					};
				};
			};
			buildConfigurationList = 0C8D6CB0253184C50013F831 /* Build configuration list for PBXProject "TimerApp" */;
			compatibilityVersion = "Xcode 9.3";
			developmentRegion = en;
			hasScannedForEncodings = 0;
			knownRegions = (
				en,
				Base,
			);
			mainGroup = 0C8D6CAC253184C50013F831;
			productRefGroup = 0C8D6CB6253184C50013F831 /* Products */;
			projectDirPath = "";
			projectRoot = "";
			targets = (
				0C8D6CB4253184C50013F831 /* TimerApp */,
				0C8D6CCA253184C80013F831 /* TimerAppTests */,
				0C8D6CD5253184C80013F831 /* TimerAppUITests */,
			);
		};
/* End PBXProject section */

/* Begin PBXResourcesBuildPhase section */
		0C8D6CB3253184C50013F831 /* Resources */ = {
			isa = PBXResourcesBuildPhase;
			buildActionMask = 2147483647;
			files = (
				0C8D6CC5253184C80013F831 /* LaunchScreen.storyboard in Resources */,
				0C8D6CC2253184C80013F831 /* Assets.xcassets in Resources */,
				0C8D6CC0253184C50013F831 /* Main.storyboard in Resources */,
			);
			runOnlyForDeploymentPostprocessing = 0;
		};
		0C8D6CC9253184C80013F831 /* Resources */ = {
			isa = PBXResourcesBuildPhase;
			buildActionMask = 2147483647;
			files = (
			);
			runOnlyForDeploymentPostprocessing = 0;
		};
		0C8D6CD4253184C80013F831 /* Resources */ = {
			isa = PBXResourcesBuildPhase;
			buildActionMask = 2147483647;
			files = (
			);
			runOnlyForDeploymentPostprocessing = 0;
		};
/* End PBXResourcesBuildPhase section */

/* Begin PBXSourcesBuildPhase section */
		0C8D6CB1253184C50013F831 /* Sources */ = {
			isa = PBXSourcesBuildPhase;
			buildActionMask = 2147483647;
			files = (
				0C8D6CBD253184C50013F831 /* ViewController.swift in Sources */,
				0C8D6CB9253184C50013F831 /* AppDelegate.swift in Sources */,
				0C8D6CBB253184C50013F831 /* SceneDelegate.swift in Sources */,
			);
			runOnlyForDeploymentPostprocessing = 0;
		};
		0C8D6CC7253184C80013F831 /* Sources */ = {
			isa = PBXSourcesBuildPhase;
			buildActionMask = 2147483647;
			files = (
				0C8D6CD0253184C80013F831 /* TimerAppTests.swift in Sources */,
			);
			runOnlyForDeploymentPostprocessing = 0;
		};
		0C8D6CD2253184C80013F831 /* Sources */ = {
			isa = PBXSourcesBuildPhase;
			buildActionMask = 2147483647;
			files = (
				0C8D6CDB253184C80013F831 /* TimerAppUITests.swift in Sources */,
			);
			runOnlyForDeploymentPostprocessing = 0;
		};
/* End PBXSourcesBuildPhase section */

/* Begin PBXTargetDependency section */
		0C8D6CCD253184C80013F831 /* PBXTargetDependency */ = {
			isa = PBXTargetDependency;
			target = 0C8D6CB4253184C50013F831 /* TimerApp */;
			targetProxy = 0C8D6CCC253184C80013F831 /* PBXContainerItemProxy */;
		};
		0C8D6CD8253184C80013F831 /* PBXTargetDependency */ = {
			isa = PBXTargetDependency;
			target = 0C8D6CB4253184C50013F831 /* TimerApp */;
			targetProxy = 0C8D6CD7253184C80013F831 /* PBXContainerItemProxy */;
		};
/* End PBXTargetDependency section */

/* Begin PBXVariantGroup section */
		0C8D6CBE253184C50013F831 /* Main.storyboard */ = {
			isa = PBXVariantGroup;
			children = (
				0C8D6CBF253184C50013F831 /* Base */,
			);
			name = Main.storyboard;
			sourceTree = "<group>";
		};
		0C8D6CC3253184C80013F831 /* LaunchScreen.storyboard */ = {
			isa = PBXVariantGroup;
			children = (
				0C8D6CC4253184C80013F831 /* Base */,
			);
			name = LaunchScreen.storyboard;
			sourceTree = "<group>";
		};
/* End PBXVariantGroup section */

/* Begin XCBuildConfiguration section */
		0C8D6CDD253184C80013F831 /* Debug */ = {
			isa = XCBuildConfiguration;
			buildSettings = {
				ALWAYS_SEARCH_USER_PATHS = NO;
				CLANG_ANALYZER_NONNULL = YES;
				CLANG_ANALYZER_NUMBER_OBJECT_CONVERSION = YES_AGGRESSIVE;
				CLANG_CXX_LANGUAGE_STANDARD = "gnu++14";
				CLANG_CXX_LIBRARY = "libc++";
				CLANG_ENABLE_MODULES = YES;
				CLANG_ENABLE_OBJC_ARC = YES;
				CLANG_ENABLE_OBJC_WEAK = YES;
				CLANG_WARN_BLOCK_CAPTURE_AUTORELEASING = YES;
				CLANG_WARN_BOOL_CONVERSION = YES;
				CLANG_WARN_COMMA = YES;
				CLANG_WARN_CONSTANT_CONVERSION = YES;
				CLANG_WARN_DEPRECATED_OBJC_IMPLEMENTATIONS = YES;
				CLANG_WARN_DIRECT_OBJC_ISA_USAGE = YES_ERROR;
				CLANG_WARN_DOCUMENTATION_COMMENTS = YES;
				CLANG_WARN_EMPTY_BODY = YES;
				CLANG_WARN_ENUM_CONVERSION = YES;
				CLANG_WARN_INFINITE_RECURSION = YES;
				CLANG_WARN_INT_CONVERSION = YES;
				CLANG_WARN_NON_LITERAL_NULL_CONVERSION = YES;
				CLANG_WARN_OBJC_IMPLICIT_RETAIN_SELF = YES;
				CLANG_WARN_OBJC_LITERAL_CONVERSION = YES;
				CLANG_WARN_OBJC_ROOT_CLASS = YES_ERROR;
				CLANG_WARN_QUOTED_INCLUDE_IN_FRAMEWORK_HEADER = YES;
				CLANG_WARN_RANGE_LOOP_ANALYSIS = YES;
				CLANG_WARN_STRICT_PROTOTYPES = YES;
				CLANG_WARN_SUSPICIOUS_MOVE = YES;
				CLANG_WARN_UNGUARDED_AVAILABILITY = YES_AGGRESSIVE;
				CLANG_WARN_UNREACHABLE_CODE = YES;
				CLANG_WARN__DUPLICATE_METHOD_MATCH = YES;
				COPY_PHASE_STRIP = NO;
				DEBUG_INFORMATION_FORMAT = dwarf;
				ENABLE_STRICT_OBJC_MSGSEND = YES;
				ENABLE_TESTABILITY = YES;
				GCC_C_LANGUAGE_STANDARD = gnu11;
				GCC_DYNAMIC_NO_PIC = NO;
				GCC_NO_COMMON_BLOCKS = YES;
				GCC_OPTIMIZATION_LEVEL = 0;
				GCC_PREPROCESSOR_DEFINITIONS = (
					"DEBUG=1",
					"$(inherited)",
				);
				GCC_WARN_64_TO_32_BIT_CONVERSION = YES;
				GCC_WARN_ABOUT_RETURN_TYPE = YES_ERROR;
				GCC_WARN_UNDECLARED_SELECTOR = YES;
				GCC_WARN_UNINITIALIZED_AUTOS = YES_AGGRESSIVE;
				GCC_WARN_UNUSED_FUNCTION = YES;
				GCC_WARN_UNUSED_VARIABLE = YES;
				IPHONEOS_DEPLOYMENT_TARGET = 14.0;
				MTL_ENABLE_DEBUG_INFO = INCLUDE_SOURCE;
				MTL_FAST_MATH = YES;
				ONLY_ACTIVE_ARCH = YES;
				SDKROOT = iphoneos;
				SWIFT_ACTIVE_COMPILATION_CONDITIONS = DEBUG;
				SWIFT_OPTIMIZATION_LEVEL = "-Onone";
			};
			name = Debug;
		};
		0C8D6CDE253184C80013F831 /* Release */ = {
			isa = XCBuildConfiguration;
			buildSettings = {
				ALWAYS_SEARCH_USER_PATHS = NO;
				CLANG_ANALYZER_NONNULL = YES;
				CLANG_ANALYZER_NUMBER_OBJECT_CONVERSION = YES_AGGRESSIVE;
				CLANG_CXX_LANGUAGE_STANDARD = "gnu++14";
				CLANG_CXX_LIBRARY = "libc++";
				CLANG_ENABLE_MODULES = YES;
				CLANG_ENABLE_OBJC_ARC = YES;
				CLANG_ENABLE_OBJC_WEAK = YES;
				CLANG_WARN_BLOCK_CAPTURE_AUTORELEASING = YES;
				CLANG_WARN_BOOL_CONVERSION = YES;
				CLANG_WARN_COMMA = YES;
				CLANG_WARN_CONSTANT_CONVERSION = YES;
				CLANG_WARN_DEPRECATED_OBJC_IMPLEMENTATIONS = YES;
				CLANG_WARN_DIRECT_OBJC_ISA_USAGE = YES_ERROR;
				CLANG_WARN_DOCUMENTATION_COMMENTS = YES;
				CLANG_WARN_EMPTY_BODY = YES;
				CLANG_WARN_ENUM_CONVERSION = YES;
				CLANG_WARN_INFINITE_RECURSION = YES;
				CLANG_WARN_INT_CONVERSION = YES;
				CLANG_WARN_NON_LITERAL_NULL_CONVERSION = YES;
				CLANG_WARN_OBJC_IMPLICIT_RETAIN_SELF = YES;
				CLANG_WARN_OBJC_LITERAL_CONVERSION = YES;
				CLANG_WARN_OBJC_ROOT_CLASS = YES_ERROR;
				CLANG_WARN_QUOTED_INCLUDE_IN_FRAMEWORK_HEADER = YES;
				CLANG_WARN_RANGE_LOOP_ANALYSIS = YES;
				CLANG_WARN_STRICT_PROTOTYPES = YES;
				CLANG_WARN_SUSPICIOUS_MOVE = YES;
				CLANG_WARN_UNGUARDED_AVAILABILITY = YES_AGGRESSIVE;
				CLANG_WARN_UNREACHABLE_CODE = YES;
				CLANG_WARN__DUPLICATE_METHOD_MATCH = YES;
				COPY_PHASE_STRIP = NO;
				DEBUG_INFORMATION_FORMAT = "dwarf-with-dsym";
				ENABLE_NS_ASSERTIONS = NO;
				ENABLE_STRICT_OBJC_MSGSEND = YES;
				GCC_C_LANGUAGE_STANDARD = gnu11;
				GCC_NO_COMMON_BLOCKS = YES;
				GCC_WARN_64_TO_32_BIT_CONVERSION = YES;
				GCC_WARN_ABOUT_RETURN_TYPE = YES_ERROR;
				GCC_WARN_UNDECLARED_SELECTOR = YES;
				GCC_WARN_UNINITIALIZED_AUTOS = YES_AGGRESSIVE;
				GCC_WARN_UNUSED_FUNCTION = YES;
				GCC_WARN_UNUSED_VARIABLE = YES;
				IPHONEOS_DEPLOYMENT_TARGET = 14.0;
				MTL_ENABLE_DEBUG_INFO = NO;
				MTL_FAST_MATH = YES;
				SDKROOT = iphoneos;
				SWIFT_COMPILATION_MODE = wholemodule;
				SWIFT_OPTIMIZATION_LEVEL = "-O";
				VALIDATE_PRODUCT = YES;
			};
			name = Release;
		};
		0C8D6CE0253184C80013F831 /* Debug */ = {
			isa = XCBuildConfiguration;
			buildSettings = {
				ASSETCATALOG_COMPILER_APPICON_NAME = AppIcon;
				ASSETCATALOG_COMPILER_GLOBAL_ACCENT_COLOR_NAME = AccentColor;
				CODE_SIGN_STYLE = Automatic;
				DEVELOPMENT_TEAM = C7JHAVL8Y3;
				INFOPLIST_FILE = TimerApp/Info.plist;
				LD_RUNPATH_SEARCH_PATHS = (
					"$(inherited)",
					"@executable_path/Frameworks",
				);
				PRODUCT_BUNDLE_IDENTIFIER = Yoti.TimerApp;
				PRODUCT_NAME = "$(TARGET_NAME)";
				SWIFT_VERSION = 5.0;
				TARGETED_DEVICE_FAMILY = "1,2";
			};
			name = Debug;
		};
		0C8D6CE1253184C80013F831 /* Release */ = {
			isa = XCBuildConfiguration;
			buildSettings = {
				ASSETCATALOG_COMPILER_APPICON_NAME = AppIcon;
				ASSETCATALOG_COMPILER_GLOBAL_ACCENT_COLOR_NAME = AccentColor;
				CODE_SIGN_STYLE = Automatic;
				DEVELOPMENT_TEAM = C7JHAVL8Y3;
				INFOPLIST_FILE = TimerApp/Info.plist;
				LD_RUNPATH_SEARCH_PATHS = (
					"$(inherited)",
					"@executable_path/Frameworks",
				);
				PRODUCT_BUNDLE_IDENTIFIER = Yoti.TimerApp;
				PRODUCT_NAME = "$(TARGET_NAME)";
				SWIFT_VERSION = 5.0;
				TARGETED_DEVICE_FAMILY = "1,2";
			};
			name = Release;
		};
		0C8D6CE3253184C80013F831 /* Debug */ = {
			isa = XCBuildConfiguration;
			buildSettings = {
				ALWAYS_EMBED_SWIFT_STANDARD_LIBRARIES = YES;
				BUNDLE_LOADER = "$(TEST_HOST)";
				CODE_SIGN_STYLE = Automatic;
				DEVELOPMENT_TEAM = C7JHAVL8Y3;
				INFOPLIST_FILE = TimerAppTests/Info.plist;
				IPHONEOS_DEPLOYMENT_TARGET = 14.0;
				LD_RUNPATH_SEARCH_PATHS = (
					"$(inherited)",
					"@executable_path/Frameworks",
					"@loader_path/Frameworks",
				);
				PRODUCT_BUNDLE_IDENTIFIER = Yoti.TimerAppTests;
				PRODUCT_NAME = "$(TARGET_NAME)";
				SWIFT_VERSION = 5.0;
				TARGETED_DEVICE_FAMILY = "1,2";
				TEST_HOST = "$(BUILT_PRODUCTS_DIR)/TimerApp.app/TimerApp";
			};
			name = Debug;
		};
		0C8D6CE4253184C80013F831 /* Release */ = {
			isa = XCBuildConfiguration;
			buildSettings = {
				ALWAYS_EMBED_SWIFT_STANDARD_LIBRARIES = YES;
				BUNDLE_LOADER = "$(TEST_HOST)";
				CODE_SIGN_STYLE = Automatic;
				DEVELOPMENT_TEAM = C7JHAVL8Y3;
				INFOPLIST_FILE = TimerAppTests/Info.plist;
				IPHONEOS_DEPLOYMENT_TARGET = 14.0;
				LD_RUNPATH_SEARCH_PATHS = (
					"$(inherited)",
					"@executable_path/Frameworks",
					"@loader_path/Frameworks",
				);
				PRODUCT_BUNDLE_IDENTIFIER = Yoti.TimerAppTests;
				PRODUCT_NAME = "$(TARGET_NAME)";
				SWIFT_VERSION = 5.0;
				TARGETED_DEVICE_FAMILY = "1,2";
				TEST_HOST = "$(BUILT_PRODUCTS_DIR)/TimerApp.app/TimerApp";
			};
			name = Release;
		};
		0C8D6CE6253184C80013F831 /* Debug */ = {
			isa = XCBuildConfiguration;
			buildSettings = {
				ALWAYS_EMBED_SWIFT_STANDARD_LIBRARIES = YES;
				CODE_SIGN_STYLE = Automatic;
				DEVELOPMENT_TEAM = C7JHAVL8Y3;
				INFOPLIST_FILE = TimerAppUITests/Info.plist;
				LD_RUNPATH_SEARCH_PATHS = (
					"$(inherited)",
					"@executable_path/Frameworks",
					"@loader_path/Frameworks",
				);
				PRODUCT_BUNDLE_IDENTIFIER = Yoti.TimerAppUITests;
				PRODUCT_NAME = "$(TARGET_NAME)";
				SWIFT_VERSION = 5.0;
				TARGETED_DEVICE_FAMILY = "1,2";
				TEST_TARGET_NAME = TimerApp;
			};
			name = Debug;
		};
		0C8D6CE7253184C80013F831 /* Release */ = {
			isa = XCBuildConfiguration;
			buildSettings = {
				ALWAYS_EMBED_SWIFT_STANDARD_LIBRARIES = YES;
				CODE_SIGN_STYLE = Automatic;
				DEVELOPMENT_TEAM = C7JHAVL8Y3;
				INFOPLIST_FILE = TimerAppUITests/Info.plist;
				LD_RUNPATH_SEARCH_PATHS = (
					"$(inherited)",
					"@executable_path/Frameworks",
					"@loader_path/Frameworks",
				);
				PRODUCT_BUNDLE_IDENTIFIER = Yoti.TimerAppUITests;
				PRODUCT_NAME = "$(TARGET_NAME)";
				SWIFT_VERSION = 5.0;
				TARGETED_DEVICE_FAMILY = "1,2";
				TEST_TARGET_NAME = TimerApp;
			};
			name = Release;
		};
/* End XCBuildConfiguration section */

/* Begin XCConfigurationList section */
		0C8D6CB0253184C50013F831 /* Build configuration list for PBXProject "TimerApp" */ = {
			isa = XCConfigurationList;
			buildConfigurations = (
				0C8D6CDD253184C80013F831 /* Debug */,
				0C8D6CDE253184C80013F831 /* Release */,
			);
			defaultConfigurationIsVisible = 0;
			defaultConfigurationName = Release;
		};
		0C8D6CDF253184C80013F831 /* Build configuration list for PBXNativeTarget "TimerApp" */ = {
			isa = XCConfigurationList;
			buildConfigurations = (
				0C8D6CE0253184C80013F831 /* Debug */,
				0C8D6CE1253184C80013F831 /* Release */,
			);
			defaultConfigurationIsVisible = 0;
			defaultConfigurationName = Release;
		};
		0C8D6CE2253184C80013F831 /* Build configuration list for PBXNativeTarget "TimerAppTests" */ = {
			isa = XCConfigurationList;
			buildConfigurations = (
				0C8D6CE3253184C80013F831 /* Debug */,
				0C8D6CE4253184C80013F831 /* Release */,
			);
			defaultConfigurationIsVisible = 0;
			defaultConfigurationName = Release;
		};
		0C8D6CE5253184C80013F831 /* Build configuration list for PBXNativeTarget "TimerAppUITests" */ = {
			isa = XCConfigurationList;
			buildConfigurations = (
				0C8D6CE6253184C80013F831 /* Debug */,
				0C8D6CE7253184C80013F831 /* Release */,
			);
			defaultConfigurationIsVisible = 0;
			defaultConfigurationName = Release;
		};
/* End XCConfigurationList section */
	};
	rootObject = 0C8D6CAD253184C50013F831 /* Project object */;
}
